
Microsoft Visual Studio Solution File, Format Version 12.00
# Visual Studio Version 17
VisualStudioVersion = 17.7.34221.43
MinimumVisualStudioVersion = 10.0.40219.1
Project("{8BC9CEB8-8B4A-11D0-8D11-00A0C91BC942}") = "console", "console\console.vcxproj", "{4AFD5291-D31D-4D7F-A2FB-AB84D4F9A447}"
EndProject
Project("{8BC9CEB8-8B4A-11D0-8D11-00A0C91BC942}") = "disassembly8080", "disassembly8080\disassembly8080.vcxproj", "{6EEBD69E-3358-4B5A-A1EC-8972E9F07D2F}"
EndProject
Project("{2150E333-8FDC-42A3-9474-1A3956D46DE8}") = "shared_code", "shared_code", "{847D0347-00AB-4389-9E8E-602AEE8DEEE8}"
	ProjectSection(SolutionItems) = preProject
		shared_code\files.cpp = shared_code\files.cpp
		shared_code\files.hpp = shared_code\files.hpp
		shared_code\macros.hpp = shared_code\macros.hpp
		shared_code\types.hpp = shared_code\types.hpp
	EndProjectSection
EndProject
Global
	GlobalSection(SolutionConfigurationPlatforms) = preSolution
		Debug|x64 = Debug|x64
		Debug|x86 = Debug|x86
		Release|x64 = Release|x64
		Release|x86 = Release|x86
	EndGlobalSection
	GlobalSection(ProjectConfigurationPlatforms) = postSolution
		{4AFD5291-D31D-4D7F-A2FB-AB84D4F9A447}.Debug|x64.ActiveCfg = Debug|x64
		{4AFD5291-D31D-4D7F-A2FB-AB84D4F9A447}.Debug|x64.Build.0 = Debug|x64
		{4AFD5291-D31D-4D7F-A2FB-AB84D4F9A447}.Debug|x86.ActiveCfg = Debug|Win32
		{4AFD5291-D31D-4D7F-A2FB-AB84D4F9A447}.Debug|x86.Build.0 = Debug|Win32
		{4AFD5291-D31D-4D7F-A2FB-AB84D4F9A447}.Release|x64.ActiveCfg = Release|x64
		{4AFD5291-D31D-4D7F-A2FB-AB84D4F9A447}.Release|x64.Build.0 = Release|x64
		{4AFD5291-D31D-4D7F-A2FB-AB84D4F9A447}.Release|x86.ActiveCfg = Release|Win32
		{4AFD5291-D31D-4D7F-A2FB-AB84D4F9A447}.Release|x86.Build.0 = Release|Win32
		{6EEBD69E-3358-4B5A-A1EC-8972E9F07D2F}.Debug|x64.ActiveCfg = Debug|x64
		{6EEBD69E-3358-4B5A-A1EC-8972E9F07D2F}.Debug|x64.Build.0 = Debug|x64
		{6EEBD69E-3358-4B5A-A1EC-8972E9F07D2F}.Debug|x86.ActiveCfg = Debug|Win32
		{6EEBD69E-3358-4B5A-A1EC-8972E9F07D2F}.Debug|x86.Build.0 = Debug|Win32
		{6EEBD69E-3358-4B5A-A1EC-8972E9F07D2F}.Release|x64.ActiveCfg = Release|x64
		{6EEBD69E-3358-4B5A-A1EC-8972E9F07D2F}.Release|x64.Build.0 = Release|x64
		{6EEBD69E-3358-4B5A-A1EC-8972E9F07D2F}.Release|x86.ActiveCfg = Release|Win32
		{6EEBD69E-3358-4B5A-A1EC-8972E9F07D2F}.Release|x86.Build.0 = Release|Win32
	EndGlobalSection
	GlobalSection(SolutionProperties) = preSolution
		HideSolutionNode = FALSE
	EndGlobalSection
	GlobalSection(ExtensibilityGlobals) = postSolution
		SolutionGuid = {74F7813A-776F-4702-A632-995495E4CD59}
	EndGlobalSection
EndGlobal
